// !$*UTF8*$!
{
	archiveVersion = 1;
	classes = {
	};
	objectVersion = 46;
	objects = {

/* Begin PBXBuildFile section */
		A2DDDCA21F4D495C0097DB65 /* AppDelegate.swift in Sources */ = {isa = PBXBuildFile; fileRef = A2DDDCA11F4D495C0097DB65 /* AppDelegate.swift */; };
		A2DDDCA41F4D495C0097DB65 /* ViewController.swift in Sources */ = {isa = PBXBuildFile; fileRef = A2DDDCA31F4D495C0097DB65 /* ViewController.swift */; };
		A2DDDCA71F4D495C0097DB65 /* Main.storyboard in Resources */ = {isa = PBXBuildFile; fileRef = A2DDDCA51F4D495C0097DB65 /* Main.storyboard */; };
		A2DDDCA91F4D495C0097DB65 /* Assets.xcassets in Resources */ = {isa = PBXBuildFile; fileRef = A2DDDCA81F4D495C0097DB65 /* Assets.xcassets */; };
		A2DDDCAC1F4D495C0097DB65 /* LaunchScreen.storyboard in Resources */ = {isa = PBXBuildFile; fileRef = A2DDDCAA1F4D495C0097DB65 /* LaunchScreen.storyboard */; };
/* End PBXBuildFile section */

/* Begin PBXFileReference section */
		A2DDDC9E1F4D495B0097DB65 /* MealPlanner2.app */ = {isa = PBXFileReference; explicitFileType = wrapper.application; includeInIndex = 0; path = MealPlanner2.app; sourceTree = BUILT_PRODUCTS_DIR; };
		A2DDDCA11F4D495C0097DB65 /* AppDelegate.swift */ = {isa = PBXFileReference; lastKnownFileType = sourcecode.swift; path = AppDelegate.swift; sourceTree = "<group>"; };
		A2DDDCA31F4D495C0097DB65 /* ViewController.swift */ = {isa = PBXFileReference; lastKnownFileType = sourcecode.swift; path = ViewController.swift; sourceTree = "<group>"; };
		A2DDDCA61F4D495C0097DB65 /* Base */ = {isa = PBXFileReference; lastKnownFileType = file.storyboard; name = Base; path = Base.lproj/Main.storyboard; sourceTree = "<group>"; };
		A2DDDCA81F4D495C0097DB65 /* Assets.xcassets */ = {isa = PBXFileReference; lastKnownFileType = folder.assetcatalog; path = Assets.xcassets; sourceTree = "<group>"; };
		A2DDDCAB1F4D495C0097DB65 /* Base */ = {isa = PBXFileReference; lastKnownFileType = file.storyboard; name = Base; path = Base.lproj/LaunchScreen.storyboard; sourceTree = "<group>"; };
		A2DDDCAD1F4D495C0097DB65 /* Info.plist */ = {isa = PBXFileReference; lastKnownFileType = text.plist.xml; path = Info.plist; sourceTree = "<group>"; };
/* End PBXFileReference section */

/* Begin PBXFrameworksBuildPhase section */
		A2DDDC9B1F4D495B0097DB65 /* Frameworks */ = {
			isa = PBXFrameworksBuildPhase;
			buildActionMask = 2147483647;
			files = (
			);
			runOnlyForDeploymentPostprocessing = 0;
		};
/* End PBXFrameworksBuildPhase section */

/* Begin PBXGroup section */
		A2DDDC951F4D495B0097DB65 = {
			isa = PBXGroup;
			children = (
				A2DDDCA01F4D495B0097DB65 /* MealPlanner2 */,
				A2DDDC9F1F4D495B0097DB65 /* Products */,
			);
			sourceTree = "<group>";
		};
		A2DDDC9F1F4D495B0097DB65 /* Products */ = {
			isa = PBXGroup;
			children = (
				A2DDDC9E1F4D495B0097DB65 /* MealPlanner2.app */,
			);
			name = Products;
			sourceTree = "<group>";
		};
		A2DDDCA01F4D495B0097DB65 /* MealPlanner2 */ = {
			isa = PBXGroup;
			children = (
				A2DDDCA11F4D495C0097DB65 /* AppDelegate.swift */,
				A2DDDCA31F4D495C0097DB65 /* ViewController.swift */,
				A2DDDCA51F4D495C0097DB65 /* Main.storyboard */,
				A2DDDCA81F4D495C0097DB65 /* Assets.xcassets */,
				A2DDDCAA1F4D495C0097DB65 /* LaunchScreen.storyboard */,
				A2DDDCAD1F4D495C0097DB65 /* Info.plist */,
			);
			path = MealPlanner2;
			sourceTree = "<group>";
		};
/* End PBXGroup section */

/* Begin PBXNativeTarget section */
		A2DDDC9D1F4D495B0097DB65 /* MealPlanner2 */ = {
			isa = PBXNativeTarget;
			buildConfigurationList = A2DDDCB01F4D495C0097DB65 /* Build configuration list for PBXNativeTarget "MealPlanner2" */;
			buildPhases = (
				A2DDDC9A1F4D495B0097DB65 /* Sources */,
				A2DDDC9B1F4D495B0097DB65 /* Frameworks */,
				A2DDDC9C1F4D495B0097DB65 /* Resources */,
			);
			buildRules = (
			);
			dependencies = (
			);
			name = MealPlanner2;
			productName = MealPlanner2;
			productReference = A2DDDC9E1F4D495B0097DB65 /* MealPlanner2.app */;
			productType = "com.apple.product-type.application";
		};
/* End PBXNativeTarget section */

/* Begin PBXProject section */
		A2DDDC961F4D495B0097DB65 /* Project object */ = {
			isa = PBXProject;
			attributes = {
				LastSwiftUpdateCheck = 0830;
				LastUpgradeCheck = 0830;
				ORGANIZATIONNAME = "Tanner Cline";
				TargetAttributes = {
					A2DDDC9D1F4D495B0097DB65 = {
						CreatedOnToolsVersion = 8.3.2;
						ProvisioningStyle = Automatic;
					};
				};
			};
			buildConfigurationList = A2DDDC991F4D495B0097DB65 /* Build configuration list for PBXProject "MealPlanner2" */;
			compatibilityVersion = "Xcode 3.2";
			developmentRegion = English;
			hasScannedForEncodings = 0;
			knownRegions = (
				en,
				Base,
			);
			mainGroup = A2DDDC951F4D495B0097DB65;
			productRefGroup = A2DDDC9F1F4D495B0097DB65 /* Products */;
			projectDirPath = "";
			projectRoot = "";
			targets = (
				A2DDDC9D1F4D495B0097DB65 /* MealPlanner2 */,
			);
		};
/* End PBXProject section */

/* Begin PBXResourcesBuildPhase section */
		A2DDDC9C1F4D495B0097DB65 /* Resources */ = {
			isa = PBXResourcesBuildPhase;
			buildActionMask = 2147483647;
			files = (
				A2DDDCAC1F4D495C0097DB65 /* LaunchScreen.storyboard in Resources */,
				A2DDDCA91F4D495C0097DB65 /* Assets.xcassets in Resources */,
				A2DDDCA71F4D495C0097DB65 /* Main.storyboard in Resources */,
			);
			runOnlyForDeploymentPostprocessing = 0;
		};
/* End PBXResourcesBuildPhase section */

/* Begin PBXSourcesBuildPhase section */
		A2DDDC9A1F4D495B0097DB65 /* Sources */ = {
			isa = PBXSourcesBuildPhase;
			buildActionMask = 2147483647;
			files = (
				A2DDDCA41F4D495C0097DB65 /* ViewController.swift in Sources */,
				A2DDDCA21F4D495C0097DB65 /* AppDelegate.swift in Sources */,
			);
			runOnlyForDeploymentPostprocessing = 0;
		};
/* End PBXSourcesBuildPhase section */

/* Begin PBXVariantGroup section */
		A2DDDCA51F4D495C0097DB65 /* Main.storyboard */ = {
			isa = PBXVariantGroup;
			children = (
				A2DDDCA61F4D495C0097DB65 /* Base */,
			);
			name = Main.storyboard;
			sourceTree = "<group>";
		};
		A2DDDCAA1F4D495C0097DB65 /* LaunchScreen.storyboard */ = {
			isa = PBXVariantGroup;
			children = (
				A2DDDCAB1F4D495C0097DB65 /* Base */,
			);
			name = LaunchScreen.storyboard;
			sourceTree = "<group>";
		};
/* End PBXVariantGroup section */

/* Begin XCBuildConfiguration section */
		A2DDDCAE1F4D495C0097DB65 /* Debug */ = {
			isa = XCBuildConfiguration;
			buildSettings = {
				ALWAYS_SEARCH_USER_PATHS = NO;
				CLANG_ANALYZER_NONNULL = YES;
				CLANG_ANALYZER_NUMBER_OBJECT_CONVERSION = YES_AGGRESSIVE;
				CLANG_CXX_LANGUAGE_STANDARD = "gnu++0x";
				CLANG_CXX_LIBRARY = "libc++";
				CLANG_ENABLE_MODULES = YES;
				CLANG_ENABLE_OBJC_ARC = YES;
				CLANG_WARN_BOOL_CONVERSION = YES;
				CLANG_WARN_CONSTANT_CONVERSION = YES;
				CLANG_WARN_DIRECT_OBJC_ISA_USAGE = YES_ERROR;
				CLANG_WARN_DOCUMENTATION_COMMENTS = YES;
				CLANG_WARN_EMPTY_BODY = YES;
				CLANG_WARN_ENUM_CONVERSION = YES;
				CLANG_WARN_INFINITE_RECURSION = YES;
				CLANG_WARN_INT_CONVERSION = YES;
				CLANG_WARN_OBJC_ROOT_CLASS = YES_ERROR;
				CLANG_WARN_SUSPICIOUS_MOVE = YES;
				CLANG_WARN_UNREACHABLE_CODE = YES;
				CLANG_WARN__DUPLICATE_METHOD_MATCH = YES;
				"CODE_SIGN_IDENTITY[sdk=iphoneos*]" = "iPhone Developer";
				COPY_PHASE_STRIP = NO;
				DEBUG_INFORMATION_FORMAT = dwarf;
				ENABLE_STRICT_OBJC_MSGSEND = YES;
				ENABLE_TESTABILITY = YES;
				GCC_C_LANGUAGE_STANDARD = gnu99;
				GCC_DYNAMIC_NO_PIC = NO;
				GCC_NO_COMMON_BLOCKS = YES;
				GCC_OPTIMIZATION_LEVEL = 0;
				GCC_PREPROCESSOR_DEFINITIONS = (
					"DEBUG=1",
					"$(inherited)",
				);
				GCC_WARN_64_TO_32_BIT_CONVERSION = YES;
				GCC_WARN_ABOUT_RETURN_TYPE = YES_ERROR;
				GCC_WARN_UNDECLARED_SELECTOR = YES;
				GCC_WARN_UNINITIALIZED_AUTOS = YES_AGGRESSIVE;
				GCC_WARN_UNUSED_FUNCTION = YES;
				GCC_WARN_UNUSED_VARIABLE = YES;
				IPHONEOS_DEPLOYMENT_TARGET = 10.3;
				MTL_ENABLE_DEBUG_INFO = YES;
				ONLY_ACTIVE_ARCH = YES;
				SDKROOT = iphoneos;
				SWIFT_ACTIVE_COMPILATION_CONDITIONS = DEBUG;
				SWIFT_OPTIMIZATION_LEVEL = "-Onone";
			};
			name = Debug;
		};
		A2DDDCAF1F4D495C0097DB65 /* Release */ = {
			isa = XCBuildConfiguration;
			buildSettings = {
				ALWAYS_SEARCH_USER_PATHS = NO;
				CLANG_ANALYZER_NONNULL = YES;
				CLANG_ANALYZER_NUMBER_OBJECT_CONVERSION = YES_AGGRESSIVE;
				CLANG_CXX_LANGUAGE_STANDARD = "gnu++0x";
				CLANG_CXX_LIBRARY = "libc++";
				CLANG_ENABLE_MODULES = YES;
				CLANG_ENABLE_OBJC_ARC = YES;
				CLANG_WARN_BOOL_CONVERSION = YES;
				CLANG_WARN_CONSTANT_CONVERSION = YES;
				CLANG_WARN_DIRECT_OBJC_ISA_USAGE = YES_ERROR;
				CLANG_WARN_DOCUMENTATION_COMMENTS = YES;
				CLANG_WARN_EMPTY_BODY = YES;
				CLANG_WARN_ENUM_CONVERSION = YES;
				CLANG_WARN_INFINITE_RECURSION = YES;
				CLANG_WARN_INT_CONVERSION = YES;
				CLANG_WARN_OBJC_ROOT_CLASS = YES_ERROR;
				CLANG_WARN_SUSPICIOUS_MOVE = YES;
				CLANG_WARN_UNREACHABLE_CODE = YES;
				CLANG_WARN__DUPLICATE_METHOD_MATCH = YES;
				"CODE_SIGN_IDENTITY[sdk=iphoneos*]" = "iPhone Developer";
				COPY_PHASE_STRIP = NO;
				DEBUG_INFORMATION_FORMAT = "dwarf-with-dsym";
				ENABLE_NS_ASSERTIONS = NO;
				ENABLE_STRICT_OBJC_MSGSEND = YES;
				GCC_C_LANGUAGE_STANDARD = gnu99;
				GCC_NO_COMMON_BLOCKS = YES;
				GCC_WARN_64_TO_32_BIT_CONVERSION = YES;
				GCC_WARN_ABOUT_RETURN_TYPE = YES_ERROR;
				GCC_WARN_UNDECLARED_SELECTOR = YES;
				GCC_WARN_UNINITIALIZED_AUTOS = YES_AGGRESSIVE;
				GCC_WARN_UNUSED_FUNCTION = YES;
				GCC_WARN_UNUSED_VARIABLE = YES;
				IPHONEOS_DEPLOYMENT_TARGET = 10.3;
				MTL_ENABLE_DEBUG_INFO = NO;
				SDKROOT = iphoneos;
				SWIFT_OPTIMIZATION_LEVEL = "-Owholemodule";
				VALIDATE_PRODUCT = YES;
			};
			name = Release;
		};
		A2DDDCB11F4D495C0097DB65 /* Debug */ = {
			isa = XCBuildConfiguration;
			buildSettings = {
				ASSETCATALOG_COMPILER_APPICON_NAME = AppIcon;
				INFOPLIST_FILE = MealPlanner2/Info.plist;
				LD_RUNPATH_SEARCH_PATHS = "$(inherited) @executable_path/Frameworks";
				PRODUCT_BUNDLE_IDENTIFIER = tjc.MealPlanner2;
				PRODUCT_NAME = "$(TARGET_NAME)";
				SWIFT_VERSION = 3.0;
			};
			name = Debug;
		};
		A2DDDCB21F4D495C0097DB65 /* Release */ = {
			isa = XCBuildConfiguration;
			buildSettings = {
				ASSETCATALOG_COMPILER_APPICON_NAME = AppIcon;
				INFOPLIST_FILE = MealPlanner2/Info.plist;
				LD_RUNPATH_SEARCH_PATHS = "$(inherited) @executable_path/Frameworks";
				PRODUCT_BUNDLE_IDENTIFIER = tjc.MealPlanner2;
				PRODUCT_NAME = "$(TARGET_NAME)";
				SWIFT_VERSION = 3.0;
			};
			name = Release;
		};
/* End XCBuildConfiguration section */

/* Begin XCConfigurationList section */
		A2DDDC991F4D495B0097DB65 /* Build configuration list for PBXProject "MealPlanner2" */ = {
			isa = XCConfigurationList;
			buildConfigurations = (
				A2DDDCAE1F4D495C0097DB65 /* Debug */,
				A2DDDCAF1F4D495C0097DB65 /* Release */,
			);
			defaultConfigurationIsVisible = 0;
			defaultConfigurationName = Release;
		};
		A2DDDCB01F4D495C0097DB65 /* Build configuration list for PBXNativeTarget "MealPlanner2" */ = {
			isa = XCConfigurationList;
			buildConfigurations = (
				A2DDDCB11F4D495C0097DB65 /* Debug */,
				A2DDDCB21F4D495C0097DB65 /* Release */,
			);
			defaultConfigurationIsVisible = 0;
		};
/* End XCConfigurationList section */
	};
	rootObject = A2DDDC961F4D495B0097DB65 /* Project object */;
}
